
Microsoft Visual Studio Solution File, Format Version 12.00
# Visual Studio 15
VisualStudioVersion = 15.0.26430.16
MinimumVisualStudioVersion = 10.0.40219.1
Project("{8BC9CEB8-8B4A-11D0-8D11-00A0C91BC942}") = "리스트 구조체 Point와 관련 함수들의 정의", "리스트 구조체 Point와 관련 함수들의 정의\리스트 구조체 Point와 관련 함수들의 정의.vcxproj", "{403AFBE7-BB58-4DA3-AB8A-76A306B2B3C5}"
EndProject
Global
	GlobalSection(SolutionConfigurationPlatforms) = preSolution
		Debug|x64 = Debug|x64
		Debug|x86 = Debug|x86
		Release|x64 = Release|x64
		Release|x86 = Release|x86
	EndGlobalSection
	GlobalSection(ProjectConfigurationPlatforms) = postSolution
		{403AFBE7-BB58-4DA3-AB8A-76A306B2B3C5}.Debug|x64.ActiveCfg = Debug|x64
		{403AFBE7-BB58-4DA3-AB8A-76A306B2B3C5}.Debug|x64.Build.0 = Debug|x64
		{403AFBE7-BB58-4DA3-AB8A-76A306B2B3C5}.Debug|x86.ActiveCfg = Debug|Win32
		{403AFBE7-BB58-4DA3-AB8A-76A306B2B3C5}.Debug|x86.Build.0 = Debug|Win32
		{403AFBE7-BB58-4DA3-AB8A-76A306B2B3C5}.Release|x64.ActiveCfg = Release|x64
		{403AFBE7-BB58-4DA3-AB8A-76A306B2B3C5}.Release|x64.Build.0 = Release|x64
		{403AFBE7-BB58-4DA3-AB8A-76A306B2B3C5}.Release|x86.ActiveCfg = Release|Win32
		{403AFBE7-BB58-4DA3-AB8A-76A306B2B3C5}.Release|x86.Build.0 = Release|Win32
	EndGlobalSection
	GlobalSection(SolutionProperties) = preSolution
		HideSolutionNode = FALSE
	EndGlobalSection
EndGlobal
